
Microsoft Visual Studio Solution File, Format Version 11.00
# Visual Studio 2010
Project("{FAE04EC0-301F-11D3-BF4B-00C04F79EFBC}") = "Musee", "Musee\Musee.csproj", "{67555A0B-FDEE-4874-9331-5949120870EF}"
EndProject
Global
	GlobalSection(SolutionConfigurationPlatforms) = preSolution
		Debug|x86 = Debug|x86
		Release|x86 = Release|x86
	EndGlobalSection
	GlobalSection(ProjectConfigurationPlatforms) = postSolution
		{67555A0B-FDEE-4874-9331-5949120870EF}.Debug|x86.ActiveCfg = Debug|x86
		{67555A0B-FDEE-4874-9331-5949120870EF}.Debug|x86.Build.0 = Debug|x86
		{67555A0B-FDEE-4874-9331-5949120870EF}.Release|x86.ActiveCfg = Release|x86
		{67555A0B-FDEE-4874-9331-5949120870EF}.Release|x86.Build.0 = Release|x86
	EndGlobalSection
	GlobalSection(SolutionProperties) = preSolution
		HideSolutionNode = FALSE
	EndGlobalSection
EndGlobal
